// !$*UTF8*$!
{
	archiveVersion = 1;
	classes = {
	};
	objectVersion = 46;
	objects = {

/* Begin PBXBuildFile section */
		139C3620CFE21D543F57D374 /* libPods.a in Frameworks */ = {isa = PBXBuildFile; fileRef = 59F75B5A8BBC1A869D76910C /* libPods.a */; };
		15A762FC1BD62806003ACA02 /* RIGcodeTableViewDataController.m in Sources */ = {isa = PBXBuildFile; fileRef = 15A762FB1BD62806003ACA02 /* RIGcodeTableViewDataController.m */; settings = {ASSET_TAGS = (); }; };
		15A95F461BD4E6AF00CA9715 /* RIAppDelegate.m in Sources */ = {isa = PBXBuildFile; fileRef = 15A95F451BD4E6AF00CA9715 /* RIAppDelegate.m */; };
		15A95F481BD4E6AF00CA9715 /* main.m in Sources */ = {isa = PBXBuildFile; fileRef = 15A95F471BD4E6AF00CA9715 /* main.m */; };
		15A95F4B1BD4E6AF00CA9715 /* RIHomeViewController.m in Sources */ = {isa = PBXBuildFile; fileRef = 15A95F4A1BD4E6AF00CA9715 /* RIHomeViewController.m */; };
		15A95F4D1BD4E6AF00CA9715 /* Images.xcassets in Resources */ = {isa = PBXBuildFile; fileRef = 15A95F4C1BD4E6AF00CA9715 /* Images.xcassets */; };
		15A95F501BD4E6AF00CA9715 /* Main.storyboard in Resources */ = {isa = PBXBuildFile; fileRef = 15A95F4E1BD4E6AF00CA9715 /* Main.storyboard */; };
		15A95F5C1BD4E6AF00CA9715 /* GCoderTests.m in Sources */ = {isa = PBXBuildFile; fileRef = 15A95F5B1BD4E6AF00CA9715 /* GCoderTests.m */; };
		15A95F691BD4F3A200CA9715 /* RIGCodeLib.m in Sources */ = {isa = PBXBuildFile; fileRef = 15A95F681BD4F3A200CA9715 /* RIGCodeLib.m */; };
		15A95F6D1BD4F91200CA9715 /* Basic.plist in Resources */ = {isa = PBXBuildFile; fileRef = 15A95F6C1BD4F91200CA9715 /* Basic.plist */; };
		15A95F741BD55BC500CA9715 /* RIPresetFormView.m in Sources */ = {isa = PBXBuildFile; fileRef = 15A95F731BD55BC500CA9715 /* RIPresetFormView.m */; };
		15A95F7A1BD55E2400CA9715 /* RIGcodeLibObject.m in Sources */ = {isa = PBXBuildFile; fileRef = 15A95F791BD55E2400CA9715 /* RIGcodeLibObject.m */; };
/* End PBXBuildFile section */

/* Begin PBXContainerItemProxy section */
		15A95F561BD4E6AF00CA9715 /* PBXContainerItemProxy */ = {
			isa = PBXContainerItemProxy;
			containerPortal = 15A95F371BD4E6AE00CA9715 /* Project object */;
			proxyType = 1;
			remoteGlobalIDString = 15A95F3E1BD4E6AF00CA9715;
			remoteInfo = GCoder;
		};
/* End PBXContainerItemProxy section */

/* Begin PBXFileReference section */
		15A762F91BD58BF7003ACA02 /* PrefixHeader.pch */ = {isa = PBXFileReference; lastKnownFileType = sourcecode.c.h; path = PrefixHeader.pch; sourceTree = "<group>"; };
		15A762FA1BD62806003ACA02 /* RIGcodeTableViewDataController.h */ = {isa = PBXFileReference; fileEncoding = 4; lastKnownFileType = sourcecode.c.h; path = RIGcodeTableViewDataController.h; sourceTree = "<group>"; };
		15A762FB1BD62806003ACA02 /* RIGcodeTableViewDataController.m */ = {isa = PBXFileReference; fileEncoding = 4; lastKnownFileType = sourcecode.c.objc; path = RIGcodeTableViewDataController.m; sourceTree = "<group>"; };
		15A95F3F1BD4E6AF00CA9715 /* GCoder.app */ = {isa = PBXFileReference; explicitFileType = wrapper.application; includeInIndex = 0; path = GCoder.app; sourceTree = BUILT_PRODUCTS_DIR; };
		15A95F431BD4E6AF00CA9715 /* Info.plist */ = {isa = PBXFileReference; lastKnownFileType = text.plist.xml; path = Info.plist; sourceTree = "<group>"; };
		15A95F441BD4E6AF00CA9715 /* RIAppDelegate.h */ = {isa = PBXFileReference; lastKnownFileType = sourcecode.c.h; path = RIAppDelegate.h; sourceTree = "<group>"; };
		15A95F451BD4E6AF00CA9715 /* RIAppDelegate.m */ = {isa = PBXFileReference; lastKnownFileType = sourcecode.c.objc; path = RIAppDelegate.m; sourceTree = "<group>"; };
		15A95F471BD4E6AF00CA9715 /* main.m */ = {isa = PBXFileReference; lastKnownFileType = sourcecode.c.objc; path = main.m; sourceTree = "<group>"; };
		15A95F491BD4E6AF00CA9715 /* RIHomeViewController.h */ = {isa = PBXFileReference; lastKnownFileType = sourcecode.c.h; path = RIHomeViewController.h; sourceTree = "<group>"; };
		15A95F4A1BD4E6AF00CA9715 /* RIHomeViewController.m */ = {isa = PBXFileReference; lastKnownFileType = sourcecode.c.objc; path = RIHomeViewController.m; sourceTree = "<group>"; };
		15A95F4C1BD4E6AF00CA9715 /* Images.xcassets */ = {isa = PBXFileReference; lastKnownFileType = folder.assetcatalog; path = Images.xcassets; sourceTree = "<group>"; };
		15A95F4F1BD4E6AF00CA9715 /* Base */ = {isa = PBXFileReference; lastKnownFileType = file.storyboard; name = Base; path = Base.lproj/Main.storyboard; sourceTree = "<group>"; };
		15A95F551BD4E6AF00CA9715 /* GCoderTests.xctest */ = {isa = PBXFileReference; explicitFileType = wrapper.cfbundle; includeInIndex = 0; path = GCoderTests.xctest; sourceTree = BUILT_PRODUCTS_DIR; };
		15A95F5A1BD4E6AF00CA9715 /* Info.plist */ = {isa = PBXFileReference; lastKnownFileType = text.plist.xml; path = Info.plist; sourceTree = "<group>"; };
		15A95F5B1BD4E6AF00CA9715 /* GCoderTests.m */ = {isa = PBXFileReference; lastKnownFileType = sourcecode.c.objc; path = GCoderTests.m; sourceTree = "<group>"; };
		15A95F671BD4F3A200CA9715 /* RIGCodeLib.h */ = {isa = PBXFileReference; fileEncoding = 4; lastKnownFileType = sourcecode.c.h; path = RIGCodeLib.h; sourceTree = "<group>"; };
		15A95F681BD4F3A200CA9715 /* RIGCodeLib.m */ = {isa = PBXFileReference; fileEncoding = 4; lastKnownFileType = sourcecode.c.objc; path = RIGCodeLib.m; sourceTree = "<group>"; };
		15A95F6C1BD4F91200CA9715 /* Basic.plist */ = {isa = PBXFileReference; fileEncoding = 4; lastKnownFileType = text.plist.xml; name = Basic.plist; path = Presets/Basic.plist; sourceTree = SOURCE_ROOT; };
		15A95F721BD55BC500CA9715 /* RIPresetFormView.h */ = {isa = PBXFileReference; fileEncoding = 4; lastKnownFileType = sourcecode.c.h; path = RIPresetFormView.h; sourceTree = "<group>"; };
		15A95F731BD55BC500CA9715 /* RIPresetFormView.m */ = {isa = PBXFileReference; fileEncoding = 4; lastKnownFileType = sourcecode.c.objc; path = RIPresetFormView.m; sourceTree = "<group>"; };
		15A95F781BD55E2400CA9715 /* RIGcodeLibObject.h */ = {isa = PBXFileReference; fileEncoding = 4; lastKnownFileType = sourcecode.c.h; path = RIGcodeLibObject.h; sourceTree = "<group>"; };
		15A95F791BD55E2400CA9715 /* RIGcodeLibObject.m */ = {isa = PBXFileReference; fileEncoding = 4; lastKnownFileType = sourcecode.c.objc; path = RIGcodeLibObject.m; sourceTree = "<group>"; };
		15A95F7B1BD56B6900CA9715 /* RIGcodeCommands.h */ = {isa = PBXFileReference; lastKnownFileType = sourcecode.c.h; path = RIGcodeCommands.h; sourceTree = "<group>"; };
		59F75B5A8BBC1A869D76910C /* libPods.a */ = {isa = PBXFileReference; explicitFileType = archive.ar; includeInIndex = 0; path = libPods.a; sourceTree = BUILT_PRODUCTS_DIR; };
		9A80A0B027DBBB4C366398EE /* Pods.release.xcconfig */ = {isa = PBXFileReference; includeInIndex = 1; lastKnownFileType = text.xcconfig; name = Pods.release.xcconfig; path = "Pods/Target Support Files/Pods/Pods.release.xcconfig"; sourceTree = "<group>"; };
		D717CA330CF9DAF2F57C2F59 /* Pods.debug.xcconfig */ = {isa = PBXFileReference; includeInIndex = 1; lastKnownFileType = text.xcconfig; name = Pods.debug.xcconfig; path = "Pods/Target Support Files/Pods/Pods.debug.xcconfig"; sourceTree = "<group>"; };
/* End PBXFileReference section */

/* Begin PBXFrameworksBuildPhase section */
		15A95F3C1BD4E6AF00CA9715 /* Frameworks */ = {
			isa = PBXFrameworksBuildPhase;
			buildActionMask = 2147483647;
			files = (
				139C3620CFE21D543F57D374 /* libPods.a in Frameworks */,
			);
			runOnlyForDeploymentPostprocessing = 0;
		};
		15A95F521BD4E6AF00CA9715 /* Frameworks */ = {
			isa = PBXFrameworksBuildPhase;
			buildActionMask = 2147483647;
			files = (
			);
			runOnlyForDeploymentPostprocessing = 0;
		};
/* End PBXFrameworksBuildPhase section */

/* Begin PBXGroup section */
		15A95F361BD4E6AE00CA9715 = {
			isa = PBXGroup;
			children = (
				15A95F411BD4E6AF00CA9715 /* GCoder */,
				15A95F421BD4E6AF00CA9715 /* Supporting Files */,
				15A95F581BD4E6AF00CA9715 /* GCoderTests */,
				15A95F401BD4E6AF00CA9715 /* Products */,
				20244287D7B532CB5E7C9CA3 /* Pods */,
				3D8B638DEF1CA0664490D0EE /* Frameworks */,
			);
			sourceTree = "<group>";
		};
		15A95F401BD4E6AF00CA9715 /* Products */ = {
			isa = PBXGroup;
			children = (
				15A95F3F1BD4E6AF00CA9715 /* GCoder.app */,
				15A95F551BD4E6AF00CA9715 /* GCoderTests.xctest */,
			);
			name = Products;
			sourceTree = "<group>";
		};
		15A95F411BD4E6AF00CA9715 /* GCoder */ = {
			isa = PBXGroup;
			children = (
				15A95F661BD4F37B00CA9715 /* Libs */,
				15A95F711BD55BA200CA9715 /* Views */,
				15A95F651BD4E6ED00CA9715 /* View controllers */,
				15A95F441BD4E6AF00CA9715 /* RIAppDelegate.h */,
				15A95F451BD4E6AF00CA9715 /* RIAppDelegate.m */,
			);
			path = GCoder;
			sourceTree = "<group>";
		};
		15A95F421BD4E6AF00CA9715 /* Supporting Files */ = {
			isa = PBXGroup;
			children = (
				15A95F6B1BD4F8AC00CA9715 /* Presets */,
				15A95F4C1BD4E6AF00CA9715 /* Images.xcassets */,
				15A95F4E1BD4E6AF00CA9715 /* Main.storyboard */,
				15A95F431BD4E6AF00CA9715 /* Info.plist */,
				15A95F471BD4E6AF00CA9715 /* main.m */,
				15A762F91BD58BF7003ACA02 /* PrefixHeader.pch */,
			);
			name = "Supporting Files";
			path = GCoder;
			sourceTree = "<group>";
		};
		15A95F581BD4E6AF00CA9715 /* GCoderTests */ = {
			isa = PBXGroup;
			children = (
				15A95F5B1BD4E6AF00CA9715 /* GCoderTests.m */,
				15A95F591BD4E6AF00CA9715 /* Supporting Files */,
			);
			path = GCoderTests;
			sourceTree = "<group>";
		};
		15A95F591BD4E6AF00CA9715 /* Supporting Files */ = {
			isa = PBXGroup;
			children = (
				15A95F5A1BD4E6AF00CA9715 /* Info.plist */,
			);
			name = "Supporting Files";
			sourceTree = "<group>";
		};
		15A95F651BD4E6ED00CA9715 /* View controllers */ = {
			isa = PBXGroup;
			children = (
				15A95F491BD4E6AF00CA9715 /* RIHomeViewController.h */,
				15A95F4A1BD4E6AF00CA9715 /* RIHomeViewController.m */,
			);
			name = "View controllers";
			sourceTree = "<group>";
		};
		15A95F661BD4F37B00CA9715 /* Libs */ = {
			isa = PBXGroup;
			children = (
				15A95F771BD55D8200CA9715 /* GODE */,
				15A95F761BD55D6E00CA9715 /* Controllers */,
			);
			name = Libs;
			sourceTree = "<group>";
		};
		15A95F6B1BD4F8AC00CA9715 /* Presets */ = {
			isa = PBXGroup;
			children = (
				15A95F6C1BD4F91200CA9715 /* Basic.plist */,
			);
			name = Presets;
			sourceTree = "<group>";
		};
		15A95F711BD55BA200CA9715 /* Views */ = {
			isa = PBXGroup;
			children = (
				15A95F751BD55BCE00CA9715 /* Presets */,
			);
			name = Views;
			sourceTree = "<group>";
		};
		15A95F751BD55BCE00CA9715 /* Presets */ = {
			isa = PBXGroup;
			children = (
				15A95F721BD55BC500CA9715 /* RIPresetFormView.h */,
				15A95F731BD55BC500CA9715 /* RIPresetFormView.m */,
			);
			name = Presets;
			sourceTree = "<group>";
		};
		15A95F761BD55D6E00CA9715 /* Controllers */ = {
			isa = PBXGroup;
			children = (
				15A762FA1BD62806003ACA02 /* RIGcodeTableViewDataController.h */,
				15A762FB1BD62806003ACA02 /* RIGcodeTableViewDataController.m */,
			);
			name = Controllers;
			sourceTree = "<group>";
		};
		15A95F771BD55D8200CA9715 /* GODE */ = {
			isa = PBXGroup;
			children = (
				15A95F7B1BD56B6900CA9715 /* RIGcodeCommands.h */,
				15A95F781BD55E2400CA9715 /* RIGcodeLibObject.h */,
				15A95F791BD55E2400CA9715 /* RIGcodeLibObject.m */,
				15A95F671BD4F3A200CA9715 /* RIGCodeLib.h */,
				15A95F681BD4F3A200CA9715 /* RIGCodeLib.m */,
			);
			name = GODE;
			sourceTree = "<group>";
		};
		20244287D7B532CB5E7C9CA3 /* Pods */ = {
			isa = PBXGroup;
			children = (
				D717CA330CF9DAF2F57C2F59 /* Pods.debug.xcconfig */,
				9A80A0B027DBBB4C366398EE /* Pods.release.xcconfig */,
			);
			name = Pods;
			sourceTree = "<group>";
		};
		3D8B638DEF1CA0664490D0EE /* Frameworks */ = {
			isa = PBXGroup;
			children = (
				59F75B5A8BBC1A869D76910C /* libPods.a */,
			);
			name = Frameworks;
			sourceTree = "<group>";
		};
/* End PBXGroup section */

/* Begin PBXNativeTarget section */
		15A95F3E1BD4E6AF00CA9715 /* GCoder */ = {
			isa = PBXNativeTarget;
			buildConfigurationList = 15A95F5F1BD4E6AF00CA9715 /* Build configuration list for PBXNativeTarget "GCoder" */;
			buildPhases = (
				30C172AC153EA91239907F45 /* Check Pods Manifest.lock */,
				15A95F3B1BD4E6AF00CA9715 /* Sources */,
				15A95F3C1BD4E6AF00CA9715 /* Frameworks */,
				15A95F3D1BD4E6AF00CA9715 /* Resources */,
				216DC175A7C7D2C160EC5D7C /* Copy Pods Resources */,
			);
			buildRules = (
			);
			dependencies = (
			);
			name = GCoder;
			productName = GCoder;
			productReference = 15A95F3F1BD4E6AF00CA9715 /* GCoder.app */;
			productType = "com.apple.product-type.application";
		};
		15A95F541BD4E6AF00CA9715 /* GCoderTests */ = {
			isa = PBXNativeTarget;
			buildConfigurationList = 15A95F621BD4E6AF00CA9715 /* Build configuration list for PBXNativeTarget "GCoderTests" */;
			buildPhases = (
				15A95F511BD4E6AF00CA9715 /* Sources */,
				15A95F521BD4E6AF00CA9715 /* Frameworks */,
				15A95F531BD4E6AF00CA9715 /* Resources */,
			);
			buildRules = (
			);
			dependencies = (
				15A95F571BD4E6AF00CA9715 /* PBXTargetDependency */,
			);
			name = GCoderTests;
			productName = GCoderTests;
			productReference = 15A95F551BD4E6AF00CA9715 /* GCoderTests.xctest */;
			productType = "com.apple.product-type.bundle.unit-test";
		};
/* End PBXNativeTarget section */

/* Begin PBXProject section */
		15A95F371BD4E6AE00CA9715 /* Project object */ = {
			isa = PBXProject;
			attributes = {
				LastUpgradeCheck = 0700;
				ORGANIZATIONNAME = "Ridiculous Innovations";
				TargetAttributes = {
					15A95F3E1BD4E6AF00CA9715 = {
						CreatedOnToolsVersion = 6.4;
						DevelopmentTeam = 6UPNZ3ACG2;
					};
					15A95F541BD4E6AF00CA9715 = {
						CreatedOnToolsVersion = 6.4;
						TestTargetID = 15A95F3E1BD4E6AF00CA9715;
					};
				};
			};
			buildConfigurationList = 15A95F3A1BD4E6AE00CA9715 /* Build configuration list for PBXProject "GCoder" */;
			compatibilityVersion = "Xcode 3.2";
			developmentRegion = English;
			hasScannedForEncodings = 0;
			knownRegions = (
				en,
				Base,
			);
			mainGroup = 15A95F361BD4E6AE00CA9715;
			productRefGroup = 15A95F401BD4E6AF00CA9715 /* Products */;
			projectDirPath = "";
			projectRoot = "";
			targets = (
				15A95F3E1BD4E6AF00CA9715 /* GCoder */,
				15A95F541BD4E6AF00CA9715 /* GCoderTests */,
			);
		};
/* End PBXProject section */

/* Begin PBXResourcesBuildPhase section */
		15A95F3D1BD4E6AF00CA9715 /* Resources */ = {
			isa = PBXResourcesBuildPhase;
			buildActionMask = 2147483647;
			files = (
				15A95F4D1BD4E6AF00CA9715 /* Images.xcassets in Resources */,
				15A95F501BD4E6AF00CA9715 /* Main.storyboard in Resources */,
				15A95F6D1BD4F91200CA9715 /* Basic.plist in Resources */,
			);
			runOnlyForDeploymentPostprocessing = 0;
		};
		15A95F531BD4E6AF00CA9715 /* Resources */ = {
			isa = PBXResourcesBuildPhase;
			buildActionMask = 2147483647;
			files = (
			);
			runOnlyForDeploymentPostprocessing = 0;
		};
/* End PBXResourcesBuildPhase section */

/* Begin PBXShellScriptBuildPhase section */
		216DC175A7C7D2C160EC5D7C /* Copy Pods Resources */ = {
			isa = PBXShellScriptBuildPhase;
			buildActionMask = 2147483647;
			files = (
			);
			inputPaths = (
			);
			name = "Copy Pods Resources";
			outputPaths = (
			);
			runOnlyForDeploymentPostprocessing = 0;
			shellPath = /bin/sh;
			shellScript = "\"${SRCROOT}/Pods/Target Support Files/Pods/Pods-resources.sh\"\n";
			showEnvVarsInLog = 0;
		};
		30C172AC153EA91239907F45 /* Check Pods Manifest.lock */ = {
			isa = PBXShellScriptBuildPhase;
			buildActionMask = 2147483647;
			files = (
			);
			inputPaths = (
			);
			name = "Check Pods Manifest.lock";
			outputPaths = (
			);
			runOnlyForDeploymentPostprocessing = 0;
			shellPath = /bin/sh;
			shellScript = "diff \"${PODS_ROOT}/../Podfile.lock\" \"${PODS_ROOT}/Manifest.lock\" > /dev/null\nif [[ $? != 0 ]] ; then\n    cat << EOM\nerror: The sandbox is not in sync with the Podfile.lock. Run 'pod install' or update your CocoaPods installation.\nEOM\n    exit 1\nfi\n";
			showEnvVarsInLog = 0;
		};
/* End PBXShellScriptBuildPhase section */

/* Begin PBXSourcesBuildPhase section */
		15A95F3B1BD4E6AF00CA9715 /* Sources */ = {
			isa = PBXSourcesBuildPhase;
			buildActionMask = 2147483647;
			files = (
				15A95F7A1BD55E2400CA9715 /* RIGcodeLibObject.m in Sources */,
				15A95F741BD55BC500CA9715 /* RIPresetFormView.m in Sources */,
				15A95F4B1BD4E6AF00CA9715 /* RIHomeViewController.m in Sources */,
				15A95F481BD4E6AF00CA9715 /* main.m in Sources */,
				15A762FC1BD62806003ACA02 /* RIGcodeTableViewDataController.m in Sources */,
				15A95F461BD4E6AF00CA9715 /* RIAppDelegate.m in Sources */,
				15A95F691BD4F3A200CA9715 /* RIGCodeLib.m in Sources */,
			);
			runOnlyForDeploymentPostprocessing = 0;
		};
		15A95F511BD4E6AF00CA9715 /* Sources */ = {
			isa = PBXSourcesBuildPhase;
			buildActionMask = 2147483647;
			files = (
				15A95F5C1BD4E6AF00CA9715 /* GCoderTests.m in Sources */,
			);
			runOnlyForDeploymentPostprocessing = 0;
		};
/* End PBXSourcesBuildPhase section */

/* Begin PBXTargetDependency section */
		15A95F571BD4E6AF00CA9715 /* PBXTargetDependency */ = {
			isa = PBXTargetDependency;
			target = 15A95F3E1BD4E6AF00CA9715 /* GCoder */;
			targetProxy = 15A95F561BD4E6AF00CA9715 /* PBXContainerItemProxy */;
		};
/* End PBXTargetDependency section */

/* Begin PBXVariantGroup section */
		15A95F4E1BD4E6AF00CA9715 /* Main.storyboard */ = {
			isa = PBXVariantGroup;
			children = (
				15A95F4F1BD4E6AF00CA9715 /* Base */,
			);
			name = Main.storyboard;
			sourceTree = "<group>";
		};
/* End PBXVariantGroup section */

/* Begin XCBuildConfiguration section */
		15A95F5D1BD4E6AF00CA9715 /* Debug */ = {
			isa = XCBuildConfiguration;
			buildSettings = {
				ALWAYS_SEARCH_USER_PATHS = NO;
				CLANG_CXX_LANGUAGE_STANDARD = "gnu++0x";
				CLANG_CXX_LIBRARY = "libc++";
				CLANG_ENABLE_MODULES = YES;
				CLANG_ENABLE_OBJC_ARC = YES;
				CLANG_WARN_BOOL_CONVERSION = YES;
				CLANG_WARN_CONSTANT_CONVERSION = YES;
				CLANG_WARN_DIRECT_OBJC_ISA_USAGE = YES_ERROR;
				CLANG_WARN_EMPTY_BODY = YES;
				CLANG_WARN_ENUM_CONVERSION = YES;
				CLANG_WARN_INT_CONVERSION = YES;
				CLANG_WARN_OBJC_ROOT_CLASS = YES_ERROR;
				CLANG_WARN_UNREACHABLE_CODE = YES;
				CLANG_WARN__DUPLICATE_METHOD_MATCH = YES;
				CODE_SIGN_IDENTITY = "-";
				COPY_PHASE_STRIP = NO;
				DEBUG_INFORMATION_FORMAT = dwarf;
				ENABLE_STRICT_OBJC_MSGSEND = YES;
				ENABLE_TESTABILITY = YES;
				GCC_C_LANGUAGE_STANDARD = gnu99;
				GCC_DYNAMIC_NO_PIC = NO;
				GCC_NO_COMMON_BLOCKS = YES;
				GCC_OPTIMIZATION_LEVEL = 0;
				GCC_PRECOMPILE_PREFIX_HEADER = YES;
				GCC_PREFIX_HEADER = "$(SRCROOT)/GCoder/PrefixHeader.pch";
				GCC_PREPROCESSOR_DEFINITIONS = (
					"DEBUG=1",
					"$(inherited)",
				);
				GCC_SYMBOLS_PRIVATE_EXTERN = NO;
				GCC_WARN_64_TO_32_BIT_CONVERSION = YES;
				GCC_WARN_ABOUT_RETURN_TYPE = YES_ERROR;
				GCC_WARN_UNDECLARED_SELECTOR = YES;
				GCC_WARN_UNINITIALIZED_AUTOS = YES_AGGRESSIVE;
				GCC_WARN_UNUSED_FUNCTION = YES;
				GCC_WARN_UNUSED_VARIABLE = YES;
				MACOSX_DEPLOYMENT_TARGET = 10.11;
				MTL_ENABLE_DEBUG_INFO = YES;
				ONLY_ACTIVE_ARCH = YES;
				OTHER_LDFLAGS = (
					"-all_load",
					"-ObjC",
				);
				SDKROOT = macosx;
			};
			name = Debug;
		};
		15A95F5E1BD4E6AF00CA9715 /* Release */ = {
			isa = XCBuildConfiguration;
			buildSettings = {
				ALWAYS_SEARCH_USER_PATHS = NO;
				CLANG_CXX_LANGUAGE_STANDARD = "gnu++0x";
				CLANG_CXX_LIBRARY = "libc++";
				CLANG_ENABLE_MODULES = YES;
				CLANG_ENABLE_OBJC_ARC = YES;
				CLANG_WARN_BOOL_CONVERSION = YES;
				CLANG_WARN_CONSTANT_CONVERSION = YES;
				CLANG_WARN_DIRECT_OBJC_ISA_USAGE = YES_ERROR;
				CLANG_WARN_EMPTY_BODY = YES;
				CLANG_WARN_ENUM_CONVERSION = YES;
				CLANG_WARN_INT_CONVERSION = YES;
				CLANG_WARN_OBJC_ROOT_CLASS = YES_ERROR;
				CLANG_WARN_UNREACHABLE_CODE = YES;
				CLANG_WARN__DUPLICATE_METHOD_MATCH = YES;
				CODE_SIGN_IDENTITY = "-";
				COPY_PHASE_STRIP = NO;
				DEBUG_INFORMATION_FORMAT = "dwarf-with-dsym";
				ENABLE_NS_ASSERTIONS = NO;
				ENABLE_STRICT_OBJC_MSGSEND = YES;
				GCC_C_LANGUAGE_STANDARD = gnu99;
				GCC_NO_COMMON_BLOCKS = YES;
				GCC_PRECOMPILE_PREFIX_HEADER = YES;
				GCC_PREFIX_HEADER = "$(SRCROOT)/GCoder/PrefixHeader.pch";
				GCC_WARN_64_TO_32_BIT_CONVERSION = YES;
				GCC_WARN_ABOUT_RETURN_TYPE = YES_ERROR;
				GCC_WARN_UNDECLARED_SELECTOR = YES;
				GCC_WARN_UNINITIALIZED_AUTOS = YES_AGGRESSIVE;
				GCC_WARN_UNUSED_FUNCTION = YES;
				GCC_WARN_UNUSED_VARIABLE = YES;
				MACOSX_DEPLOYMENT_TARGET = 10.11;
				MTL_ENABLE_DEBUG_INFO = NO;
				OTHER_LDFLAGS = (
					"-all_load",
					"-ObjC",
				);
				SDKROOT = macosx;
			};
			name = Release;
		};
		15A95F601BD4E6AF00CA9715 /* Debug */ = {
			isa = XCBuildConfiguration;
			baseConfigurationReference = D717CA330CF9DAF2F57C2F59 /* Pods.debug.xcconfig */;
			buildSettings = {
				ASSETCATALOG_COMPILER_APPICON_NAME = AppIcon;
				CODE_SIGN_IDENTITY = "Mac Developer";
				"CODE_SIGN_IDENTITY[sdk=macosx*]" = "Mac Developer";
				COMBINE_HIDPI_IMAGES = YES;
				GCC_INCREASE_PRECOMPILED_HEADER_SHARING = NO;
				INFOPLIST_FILE = GCoder/Info.plist;
				LD_RUNPATH_SEARCH_PATHS = "$(inherited) @executable_path/../Frameworks";
				PRODUCT_BUNDLE_IDENTIFIER = "com.ridiculous-innovations.$(PRODUCT_NAME:rfc1034identifier)";
				PRODUCT_NAME = "$(TARGET_NAME)";
				PROVISIONING_PROFILE = "";
			};
			name = Debug;
		};
		15A95F611BD4E6AF00CA9715 /* Release */ = {
			isa = XCBuildConfiguration;
			baseConfigurationReference = 9A80A0B027DBBB4C366398EE /* Pods.release.xcconfig */;
			buildSettings = {
				ASSETCATALOG_COMPILER_APPICON_NAME = AppIcon;
				CODE_SIGN_IDENTITY = "Mac Developer";
				"CODE_SIGN_IDENTITY[sdk=macosx*]" = "Mac Developer";
				COMBINE_HIDPI_IMAGES = YES;
				GCC_INCREASE_PRECOMPILED_HEADER_SHARING = NO;
				INFOPLIST_FILE = GCoder/Info.plist;
				LD_RUNPATH_SEARCH_PATHS = "$(inherited) @executable_path/../Frameworks";
				PRODUCT_BUNDLE_IDENTIFIER = "com.ridiculous-innovations.$(PRODUCT_NAME:rfc1034identifier)";
				PRODUCT_NAME = "$(TARGET_NAME)";
				PROVISIONING_PROFILE = "";
			};
			name = Release;
		};
		15A95F631BD4E6AF00CA9715 /* Debug */ = {
			isa = XCBuildConfiguration;
			buildSettings = {
				BUNDLE_LOADER = "$(TEST_HOST)";
				COMBINE_HIDPI_IMAGES = YES;
				FRAMEWORK_SEARCH_PATHS = (
					"$(DEVELOPER_FRAMEWORKS_DIR)",
					"$(inherited)",
				);
				GCC_PREPROCESSOR_DEFINITIONS = (
					"DEBUG=1",
					"$(inherited)",
				);
				INFOPLIST_FILE = GCoderTests/Info.plist;
				LD_RUNPATH_SEARCH_PATHS = "$(inherited) @executable_path/../Frameworks @loader_path/../Frameworks";
				PRODUCT_BUNDLE_IDENTIFIER = "com.ridiculous-innovations.$(PRODUCT_NAME:rfc1034identifier)";
				PRODUCT_NAME = "$(TARGET_NAME)";
				TEST_HOST = "$(BUILT_PRODUCTS_DIR)/GCoder.app/Contents/MacOS/GCoder";
			};
			name = Debug;
		};
		15A95F641BD4E6AF00CA9715 /* Release */ = {
			isa = XCBuildConfiguration;
			buildSettings = {
				BUNDLE_LOADER = "$(TEST_HOST)";
				COMBINE_HIDPI_IMAGES = YES;
				FRAMEWORK_SEARCH_PATHS = (
					"$(DEVELOPER_FRAMEWORKS_DIR)",
					"$(inherited)",
				);
				INFOPLIST_FILE = GCoderTests/Info.plist;
				LD_RUNPATH_SEARCH_PATHS = "$(inherited) @executable_path/../Frameworks @loader_path/../Frameworks";
				PRODUCT_BUNDLE_IDENTIFIER = "com.ridiculous-innovations.$(PRODUCT_NAME:rfc1034identifier)";
				PRODUCT_NAME = "$(TARGET_NAME)";
				TEST_HOST = "$(BUILT_PRODUCTS_DIR)/GCoder.app/Contents/MacOS/GCoder";
			};
			name = Release;
		};
/* End XCBuildConfiguration section */

/* Begin XCConfigurationList section */
		15A95F3A1BD4E6AE00CA9715 /* Build configuration list for PBXProject "GCoder" */ = {
			isa = XCConfigurationList;
			buildConfigurations = (
				15A95F5D1BD4E6AF00CA9715 /* Debug */,
				15A95F5E1BD4E6AF00CA9715 /* Release */,
			);
			defaultConfigurationIsVisible = 0;
			defaultConfigurationName = Release;
		};
		15A95F5F1BD4E6AF00CA9715 /* Build configuration list for PBXNativeTarget "GCoder" */ = {
			isa = XCConfigurationList;
			buildConfigurations = (
				15A95F601BD4E6AF00CA9715 /* Debug */,
				15A95F611BD4E6AF00CA9715 /* Release */,
			);
			defaultConfigurationIsVisible = 0;
			defaultConfigurationName = Release;
		};
		15A95F621BD4E6AF00CA9715 /* Build configuration list for PBXNativeTarget "GCoderTests" */ = {
			isa = XCConfigurationList;
			buildConfigurations = (
				15A95F631BD4E6AF00CA9715 /* Debug */,
				15A95F641BD4E6AF00CA9715 /* Release */,
			);
			defaultConfigurationIsVisible = 0;
			defaultConfigurationName = Release;
		};
/* End XCConfigurationList section */
	};
	rootObject = 15A95F371BD4E6AE00CA9715 /* Project object */;
}
